
Microsoft Visual Studio Solution File, Format Version 12.00
# Visual Studio Version 16
VisualStudioVersion = 16.0.28803.156
MinimumVisualStudioVersion = 10.0.40219.1
Project("{FAE04EC0-301F-11D3-BF4B-00C04F79EFBC}") = "ReporteH", "ReporteH\ReporteH.csproj", "{5DE6711E-FD52-439D-8574-C6AADFA6E545}"
EndProject
Global
	GlobalSection(SolutionConfigurationPlatforms) = preSolution
		Debug|Any CPU = Debug|Any CPU
		Release|Any CPU = Release|Any CPU
	EndGlobalSection
	GlobalSection(ProjectConfigurationPlatforms) = postSolution
		{5DE6711E-FD52-439D-8574-C6AADFA6E545}.Debug|Any CPU.ActiveCfg = Debug|Any CPU
		{5DE6711E-FD52-439D-8574-C6AADFA6E545}.Debug|Any CPU.Build.0 = Debug|Any CPU
		{5DE6711E-FD52-439D-8574-C6AADFA6E545}.Release|Any CPU.ActiveCfg = Release|Any CPU
		{5DE6711E-FD52-439D-8574-C6AADFA6E545}.Release|Any CPU.Build.0 = Release|Any CPU
	EndGlobalSection
	GlobalSection(SolutionProperties) = preSolution
		HideSolutionNode = FALSE
	EndGlobalSection
	GlobalSection(ExtensibilityGlobals) = postSolution
		SolutionGuid = {8EC09D9C-1ABE-4EC6-B3FA-48653CA9BB76}
	EndGlobalSection
EndGlobal
